
Microsoft Visual Studio Solution File, Format Version 12.00
# Visual Studio Version 16
VisualStudioVersion = 16.0.31702.278
MinimumVisualStudioVersion = 10.0.40219.1
Project("{FAE04EC0-301F-11D3-BF4B-00C04F79EFBC}") = "ApiFutbolista", "ApiFutbolista\ApiFutbolista.csproj", "{1F056D47-F46C-49B3-99FA-F98DAFAFC85A}"
EndProject
Global
	GlobalSection(SolutionConfigurationPlatforms) = preSolution
		Debug|Any CPU = Debug|Any CPU
		Release|Any CPU = Release|Any CPU
	EndGlobalSection
	GlobalSection(ProjectConfigurationPlatforms) = postSolution
		{1F056D47-F46C-49B3-99FA-F98DAFAFC85A}.Debug|Any CPU.ActiveCfg = Debug|Any CPU
		{1F056D47-F46C-49B3-99FA-F98DAFAFC85A}.Debug|Any CPU.Build.0 = Debug|Any CPU
		{1F056D47-F46C-49B3-99FA-F98DAFAFC85A}.Release|Any CPU.ActiveCfg = Release|Any CPU
		{1F056D47-F46C-49B3-99FA-F98DAFAFC85A}.Release|Any CPU.Build.0 = Release|Any CPU
	EndGlobalSection
	GlobalSection(SolutionProperties) = preSolution
		HideSolutionNode = FALSE
	EndGlobalSection
	GlobalSection(ExtensibilityGlobals) = postSolution
		SolutionGuid = {0604A202-FB60-41D3-9122-06C4FCD1A8E5}
	EndGlobalSection
EndGlobal
